
Microsoft Visual Studio Solution File, Format Version 12.00
# Visual Studio Version 17
VisualStudioVersion = 17.6.33815.320
MinimumVisualStudioVersion = 10.0.40219.1
Project("{FAE04EC0-301F-11D3-BF4B-00C04F79EFBC}") = "GroceryRemake", "GroceryRemake.csproj", "{DDA9F702-8D0C-4CC6-8647-91B32E8E0693}"
EndProject
Global
	GlobalSection(SolutionConfigurationPlatforms) = preSolution
		Debug|Any CPU = Debug|Any CPU
		Release|Any CPU = Release|Any CPU
	EndGlobalSection
	GlobalSection(ProjectConfigurationPlatforms) = postSolution
		{DDA9F702-8D0C-4CC6-8647-91B32E8E0693}.Debug|Any CPU.ActiveCfg = Debug|Any CPU
		{DDA9F702-8D0C-4CC6-8647-91B32E8E0693}.Debug|Any CPU.Build.0 = Debug|Any CPU
		{DDA9F702-8D0C-4CC6-8647-91B32E8E0693}.Release|Any CPU.ActiveCfg = Release|Any CPU
		{DDA9F702-8D0C-4CC6-8647-91B32E8E0693}.Release|Any CPU.Build.0 = Release|Any CPU
	EndGlobalSection
	GlobalSection(SolutionProperties) = preSolution
		HideSolutionNode = FALSE
	EndGlobalSection
	GlobalSection(ExtensibilityGlobals) = postSolution
		SolutionGuid = {E59CF862-1F88-46AA-B3CE-2535CA0A3F3F}
	EndGlobalSection
EndGlobal
